
Microsoft Visual Studio Solution File, Format Version 12.00
# Visual Studio Version 16
VisualStudioVersion = 16.0.29519.181
MinimumVisualStudioVersion = 10.0.40219.1
Project("{FAE04EC0-301F-11D3-BF4B-00C04F79EFBC}") = "SecureApi", "SecureApi\SecureApi.csproj", "{73E4ABA6-285D-40DF-B366-A3C15DBF9FFE}"
EndProject
Project("{FAE04EC0-301F-11D3-BF4B-00C04F79EFBC}") = "TestApi", "TestApi\TestApi.csproj", "{4E46411B-A2D8-4EB4-9144-6844F778F7E0}"
EndProject
Global
	GlobalSection(SolutionConfigurationPlatforms) = preSolution
		Debug|Any CPU = Debug|Any CPU
		Release|Any CPU = Release|Any CPU
	EndGlobalSection
	GlobalSection(ProjectConfigurationPlatforms) = postSolution
		{73E4ABA6-285D-40DF-B366-A3C15DBF9FFE}.Debug|Any CPU.ActiveCfg = Debug|Any CPU
		{73E4ABA6-285D-40DF-B366-A3C15DBF9FFE}.Debug|Any CPU.Build.0 = Debug|Any CPU
		{73E4ABA6-285D-40DF-B366-A3C15DBF9FFE}.Release|Any CPU.ActiveCfg = Release|Any CPU
		{73E4ABA6-285D-40DF-B366-A3C15DBF9FFE}.Release|Any CPU.Build.0 = Release|Any CPU
		{4E46411B-A2D8-4EB4-9144-6844F778F7E0}.Debug|Any CPU.ActiveCfg = Debug|Any CPU
		{4E46411B-A2D8-4EB4-9144-6844F778F7E0}.Debug|Any CPU.Build.0 = Debug|Any CPU
		{4E46411B-A2D8-4EB4-9144-6844F778F7E0}.Release|Any CPU.ActiveCfg = Release|Any CPU
		{4E46411B-A2D8-4EB4-9144-6844F778F7E0}.Release|Any CPU.Build.0 = Release|Any CPU
	EndGlobalSection
	GlobalSection(SolutionProperties) = preSolution
		HideSolutionNode = FALSE
	EndGlobalSection
	GlobalSection(ExtensibilityGlobals) = postSolution
		SolutionGuid = {35B5D703-E91E-4763-8524-D187EC3A6881}
	EndGlobalSection
EndGlobal
